
Microsoft Visual Studio Solution File, Format Version 12.00
# Visual Studio 15
VisualStudioVersion = 15.0.27428.2037
MinimumVisualStudioVersion = 10.0.40219.1
Project("{FAE04EC0-301F-11D3-BF4B-00C04F79EFBC}") = "WindowsFormsApp6", "WindowsFormsApp6\WindowsFormsApp6.csproj", "{E964C092-F28C-4E56-9E67-021DABD271F2}"
EndProject
Global
	GlobalSection(SolutionConfigurationPlatforms) = preSolution
		Debug|Any CPU = Debug|Any CPU
		Release|Any CPU = Release|Any CPU
	EndGlobalSection
	GlobalSection(ProjectConfigurationPlatforms) = postSolution
		{E964C092-F28C-4E56-9E67-021DABD271F2}.Debug|Any CPU.ActiveCfg = Debug|Any CPU
		{E964C092-F28C-4E56-9E67-021DABD271F2}.Debug|Any CPU.Build.0 = Debug|Any CPU
		{E964C092-F28C-4E56-9E67-021DABD271F2}.Release|Any CPU.ActiveCfg = Release|Any CPU
		{E964C092-F28C-4E56-9E67-021DABD271F2}.Release|Any CPU.Build.0 = Release|Any CPU
	EndGlobalSection
	GlobalSection(SolutionProperties) = preSolution
		HideSolutionNode = FALSE
	EndGlobalSection
	GlobalSection(ExtensibilityGlobals) = postSolution
		SolutionGuid = {E797D658-DAB8-4141-881A-551B8444D992}
	EndGlobalSection
EndGlobal
